// !$*UTF8*$!
{
	archiveVersion = 1;
	classes = {
	};
	objectVersion = 46;
	objects = {

/* Begin PBXBuildFile section */
		1C537206CBEA7AE919A82591 /* Pods_Contact.framework in Frameworks */ = {isa = PBXBuildFile; fileRef = 68D7FB295DF15BF5C9CA49F2 /* Pods_Contact.framework */; };
		521706D11BAD779E007BCE73 /* Constants.swift in Sources */ = {isa = PBXBuildFile; fileRef = 521706D01BAD779E007BCE73 /* Constants.swift */; settings = {COMPILER_FLAGS = "-w"; }; };
		5235B8D91AD9582800B3BAE2 /* Utils.swift in Sources */ = {isa = PBXBuildFile; fileRef = 5235B8D81AD9582800B3BAE2 /* Utils.swift */; settings = {COMPILER_FLAGS = "-w"; }; };
		523DA47D1ADC574B007F7F7D /* Main.storyboard in Resources */ = {isa = PBXBuildFile; fileRef = 523DA47B1ADC574B007F7F7D /* Main.storyboard */; };
		524E3028211E2AE1009F7055 /* GothamProMedium.ttf in Resources */ = {isa = PBXBuildFile; fileRef = 524E3024211E2AD7009F7055 /* GothamProMedium.ttf */; };
		524E3029211E2AE1009F7055 /* GothamProBlack.ttf in Resources */ = {isa = PBXBuildFile; fileRef = 524E3025211E2AD9009F7055 /* GothamProBlack.ttf */; };
		524E302A211E2AE1009F7055 /* GothamProRegular.ttf in Resources */ = {isa = PBXBuildFile; fileRef = 524E3026211E2ADB009F7055 /* GothamProRegular.ttf */; };
		524E302B211E2AE1009F7055 /* GothamProBold.ttf in Resources */ = {isa = PBXBuildFile; fileRef = 524E3027211E2ADE009F7055 /* GothamProBold.ttf */; };
		525920C42070470500794092 /* ContactUITests.swift in Sources */ = {isa = PBXBuildFile; fileRef = 525920C32070470500794092 /* ContactUITests.swift */; };
		525920D62070479000794092 /* SnapshotHelper.swift in Sources */ = {isa = PBXBuildFile; fileRef = 525920D42070479000794092 /* SnapshotHelper.swift */; };
		5264519A1AAF644F002C37A6 /* CatchUps.swift in Sources */ = {isa = PBXBuildFile; fileRef = 526451991AAF644F002C37A6 /* CatchUps.swift */; settings = {COMPILER_FLAGS = "-w"; }; };
		5264519C1AAF9194002C37A6 /* AddCatchUp.swift in Sources */ = {isa = PBXBuildFile; fileRef = 5264519B1AAF9194002C37A6 /* AddCatchUp.swift */; settings = {COMPILER_FLAGS = "-w"; }; };
		526880E8206EA9EB005E88D8 /* Extensions.swift in Sources */ = {isa = PBXBuildFile; fileRef = 526880E6206EA9EB005E88D8 /* Extensions.swift */; };
		526880E9206EA9EB005E88D8 /* Purchase.swift in Sources */ = {isa = PBXBuildFile; fileRef = 526880E7206EA9EB005E88D8 /* Purchase.swift */; };
		526880EC206EAE4C005E88D8 /* Settings.swift in Sources */ = {isa = PBXBuildFile; fileRef = 526880EA206EAE4B005E88D8 /* Settings.swift */; };
		526880ED206EAE4C005E88D8 /* Themes.swift in Sources */ = {isa = PBXBuildFile; fileRef = 526880EB206EAE4B005E88D8 /* Themes.swift */; };
		526880F3206EBD09005E88D8 /* MessageUI.framework in Frameworks */ = {isa = PBXBuildFile; fileRef = 526880EF206EBC9E005E88D8 /* MessageUI.framework */; };
		526880F4206EBD0E005E88D8 /* QuartzCore.framework in Frameworks */ = {isa = PBXBuildFile; fileRef = 526880EE206EBC9E005E88D8 /* QuartzCore.framework */; };
		52BB3EF51AE314BA00A12D0C /* CatchUp.swift in Sources */ = {isa = PBXBuildFile; fileRef = 52BB3EF41AE314BA00A12D0C /* CatchUp.swift */; settings = {COMPILER_FLAGS = "-w"; }; };
		52CC53291AAA4E8A002A51C1 /* AppDelegate.swift in Sources */ = {isa = PBXBuildFile; fileRef = 52CC53281AAA4E8A002A51C1 /* AppDelegate.swift */; settings = {COMPILER_FLAGS = "-w"; }; };
		52CC532C1AAA4E8A002A51C1 /* Contact.xcdatamodeld in Sources */ = {isa = PBXBuildFile; fileRef = 52CC532A1AAA4E8A002A51C1 /* Contact.xcdatamodeld */; };
		52CC532E1AAA4E8A002A51C1 /* People.swift in Sources */ = {isa = PBXBuildFile; fileRef = 52CC532D1AAA4E8A002A51C1 /* People.swift */; settings = {COMPILER_FLAGS = "-w"; }; };
		52CC53331AAA4E8A002A51C1 /* Images.xcassets in Resources */ = {isa = PBXBuildFile; fileRef = 52CC53321AAA4E8A002A51C1 /* Images.xcassets */; };
		52CC53361AAA4E8A002A51C1 /* LaunchScreen.xib in Resources */ = {isa = PBXBuildFile; fileRef = 52CC53341AAA4E8A002A51C1 /* LaunchScreen.xib */; };
		52DC935B206EE24900C48C6C /* StoreKit.framework in Frameworks */ = {isa = PBXBuildFile; fileRef = 526880F5206EBD17005E88D8 /* StoreKit.framework */; };
		8E655ABE0C29397ED59A7139 /* Pods_Contact.framework in Frameworks */ = {isa = PBXBuildFile; fileRef = CDD6D5B3F5A34B8B47E5584A /* Pods_Contact.framework */; };
/* End PBXBuildFile section */

/* Begin PBXContainerItemProxy section */
		525920C62070470500794092 /* PBXContainerItemProxy */ = {
			isa = PBXContainerItemProxy;
			containerPortal = 52CC531B1AAA4E8A002A51C1 /* Project object */;
			proxyType = 1;
			remoteGlobalIDString = 52CC53221AAA4E8A002A51C1;
			remoteInfo = Contact;
		};
/* End PBXContainerItemProxy section */

/* Begin PBXFileReference section */
		0DCABA9BDF59FBB07E4BF6C7 /* Pods-Contact.debug.xcconfig */ = {isa = PBXFileReference; includeInIndex = 1; lastKnownFileType = text.xcconfig; name = "Pods-Contact.debug.xcconfig"; path = "Pods/Target Support Files/Pods-Contact/Pods-Contact.debug.xcconfig"; sourceTree = "<group>"; };
		521706D01BAD779E007BCE73 /* Constants.swift */ = {isa = PBXFileReference; fileEncoding = 4; lastKnownFileType = sourcecode.swift; path = Constants.swift; sourceTree = "<group>"; };
		5235B8D81AD9582800B3BAE2 /* Utils.swift */ = {isa = PBXFileReference; fileEncoding = 4; lastKnownFileType = sourcecode.swift; path = Utils.swift; sourceTree = "<group>"; };
		523DA47C1ADC574B007F7F7D /* Base */ = {isa = PBXFileReference; lastKnownFileType = file.storyboard; name = Base; path = Base.lproj/Main.storyboard; sourceTree = "<group>"; };
		524E3024211E2AD7009F7055 /* GothamProMedium.ttf */ = {isa = PBXFileReference; lastKnownFileType = file; path = GothamProMedium.ttf; sourceTree = "<group>"; };
		524E3025211E2AD9009F7055 /* GothamProBlack.ttf */ = {isa = PBXFileReference; lastKnownFileType = file; path = GothamProBlack.ttf; sourceTree = "<group>"; };
		524E3026211E2ADB009F7055 /* GothamProRegular.ttf */ = {isa = PBXFileReference; lastKnownFileType = file; path = GothamProRegular.ttf; sourceTree = "<group>"; };
		524E3027211E2ADE009F7055 /* GothamProBold.ttf */ = {isa = PBXFileReference; lastKnownFileType = file; path = GothamProBold.ttf; sourceTree = "<group>"; };
		525920C12070470400794092 /* ContactUITests.xctest */ = {isa = PBXFileReference; explicitFileType = wrapper.cfbundle; includeInIndex = 0; path = ContactUITests.xctest; sourceTree = BUILT_PRODUCTS_DIR; };
		525920C32070470500794092 /* ContactUITests.swift */ = {isa = PBXFileReference; lastKnownFileType = sourcecode.swift; path = ContactUITests.swift; sourceTree = "<group>"; };
		525920C52070470500794092 /* Info.plist */ = {isa = PBXFileReference; lastKnownFileType = text.plist.xml; path = Info.plist; sourceTree = "<group>"; };
		525920D42070479000794092 /* SnapshotHelper.swift */ = {isa = PBXFileReference; fileEncoding = 4; lastKnownFileType = sourcecode.swift; name = SnapshotHelper.swift; path = ContactUITests/SnapshotHelper.swift; sourceTree = SOURCE_ROOT; };
		526451991AAF644F002C37A6 /* CatchUps.swift */ = {isa = PBXFileReference; fileEncoding = 4; lastKnownFileType = sourcecode.swift; path = CatchUps.swift; sourceTree = "<group>"; };
		5264519B1AAF9194002C37A6 /* AddCatchUp.swift */ = {isa = PBXFileReference; fileEncoding = 4; lastKnownFileType = sourcecode.swift; path = AddCatchUp.swift; sourceTree = "<group>"; };
		526880E6206EA9EB005E88D8 /* Extensions.swift */ = {isa = PBXFileReference; fileEncoding = 4; lastKnownFileType = sourcecode.swift; path = Extensions.swift; sourceTree = "<group>"; };
		526880E7206EA9EB005E88D8 /* Purchase.swift */ = {isa = PBXFileReference; fileEncoding = 4; lastKnownFileType = sourcecode.swift; path = Purchase.swift; sourceTree = "<group>"; };
		526880EA206EAE4B005E88D8 /* Settings.swift */ = {isa = PBXFileReference; fileEncoding = 4; lastKnownFileType = sourcecode.swift; path = Settings.swift; sourceTree = "<group>"; };
		526880EB206EAE4B005E88D8 /* Themes.swift */ = {isa = PBXFileReference; fileEncoding = 4; lastKnownFileType = sourcecode.swift; path = Themes.swift; sourceTree = "<group>"; };
		526880EE206EBC9E005E88D8 /* QuartzCore.framework */ = {isa = PBXFileReference; lastKnownFileType = wrapper.framework; name = QuartzCore.framework; path = System/Library/Frameworks/QuartzCore.framework; sourceTree = SDKROOT; };
		526880EF206EBC9E005E88D8 /* MessageUI.framework */ = {isa = PBXFileReference; lastKnownFileType = wrapper.framework; name = MessageUI.framework; path = System/Library/Frameworks/MessageUI.framework; sourceTree = SDKROOT; };
		526880F5206EBD17005E88D8 /* StoreKit.framework */ = {isa = PBXFileReference; lastKnownFileType = wrapper.framework; name = StoreKit.framework; path = System/Library/Frameworks/StoreKit.framework; sourceTree = SDKROOT; };
		52BB3EF41AE314BA00A12D0C /* CatchUp.swift */ = {isa = PBXFileReference; fileEncoding = 4; lastKnownFileType = sourcecode.swift; path = CatchUp.swift; sourceTree = "<group>"; };
		52CC53231AAA4E8A002A51C1 /* Contact.app */ = {isa = PBXFileReference; explicitFileType = wrapper.application; includeInIndex = 0; path = Contact.app; sourceTree = BUILT_PRODUCTS_DIR; };
		52CC53271AAA4E8A002A51C1 /* Info.plist */ = {isa = PBXFileReference; lastKnownFileType = text.plist.xml; path = Info.plist; sourceTree = "<group>"; };
		52CC53281AAA4E8A002A51C1 /* AppDelegate.swift */ = {isa = PBXFileReference; lastKnownFileType = sourcecode.swift; path = AppDelegate.swift; sourceTree = "<group>"; };
		52CC532B1AAA4E8A002A51C1 /* InTouch.xcdatamodel */ = {isa = PBXFileReference; lastKnownFileType = wrapper.xcdatamodel; path = InTouch.xcdatamodel; sourceTree = "<group>"; };
		52CC532D1AAA4E8A002A51C1 /* People.swift */ = {isa = PBXFileReference; lastKnownFileType = sourcecode.swift; path = People.swift; sourceTree = "<group>"; };
		52CC53321AAA4E8A002A51C1 /* Images.xcassets */ = {isa = PBXFileReference; lastKnownFileType = folder.assetcatalog; path = Images.xcassets; sourceTree = "<group>"; };
		52CC53351AAA4E8A002A51C1 /* Base */ = {isa = PBXFileReference; lastKnownFileType = file.xib; name = Base; path = Base.lproj/LaunchScreen.xib; sourceTree = "<group>"; };
		52DC935C206EE25400C48C6C /* Pods_Contact.framework */ = {isa = PBXFileReference; lastKnownFileType = wrapper.framework; name = Pods_Contact.framework; path = "../../../../../../Library/Developer/Xcode/DerivedData/Contact-eifjcbpmnmlvlibcityznqfdukzk/Build/Products/Debug-iphoneos/Pods_Contact.framework"; sourceTree = "<group>"; };
		68D7FB295DF15BF5C9CA49F2 /* Pods_Contact.framework */ = {isa = PBXFileReference; explicitFileType = wrapper.framework; includeInIndex = 0; path = Pods_Contact.framework; sourceTree = BUILT_PRODUCTS_DIR; };
		7B8A1998062DC460BEB45CEA /* Pods-Contact.release.xcconfig */ = {isa = PBXFileReference; includeInIndex = 1; lastKnownFileType = text.xcconfig; name = "Pods-Contact.release.xcconfig"; path = "Pods/Target Support Files/Pods-Contact/Pods-Contact.release.xcconfig"; sourceTree = "<group>"; };
		CDD6D5B3F5A34B8B47E5584A /* Pods_Contact.framework */ = {isa = PBXFileReference; explicitFileType = wrapper.framework; includeInIndex = 0; path = Pods_Contact.framework; sourceTree = BUILT_PRODUCTS_DIR; };
/* End PBXFileReference section */

/* Begin PBXFrameworksBuildPhase section */
		525920BE2070470400794092 /* Frameworks */ = {
			isa = PBXFrameworksBuildPhase;
			buildActionMask = 2147483647;
			files = (
			);
			runOnlyForDeploymentPostprocessing = 0;
		};
		52CC53201AAA4E8A002A51C1 /* Frameworks */ = {
			isa = PBXFrameworksBuildPhase;
			buildActionMask = 2147483647;
			files = (
				526880F4206EBD0E005E88D8 /* QuartzCore.framework in Frameworks */,
				526880F3206EBD09005E88D8 /* MessageUI.framework in Frameworks */,
				52DC935B206EE24900C48C6C /* StoreKit.framework in Frameworks */,
				1C537206CBEA7AE919A82591 /* Pods_Contact.framework in Frameworks */,
				8E655ABE0C29397ED59A7139 /* Pods_Contact.framework in Frameworks */,
			);
			runOnlyForDeploymentPostprocessing = 0;
		};
/* End PBXFrameworksBuildPhase section */

/* Begin PBXGroup section */
		0B159CB0A03CA24D8CB24414 /* Frameworks */ = {
			isa = PBXGroup;
			children = (
				CDD6D5B3F5A34B8B47E5584A /* Pods_Contact.framework */,
			);
			name = Frameworks;
			sourceTree = "<group>";
		};
		524E302C211E2AE5009F7055 /* Fonts */ = {
			isa = PBXGroup;
			children = (
				524E3025211E2AD9009F7055 /* GothamProBlack.ttf */,
				524E3027211E2ADE009F7055 /* GothamProBold.ttf */,
				524E3024211E2AD7009F7055 /* GothamProMedium.ttf */,
				524E3026211E2ADB009F7055 /* GothamProRegular.ttf */,
			);
			path = Fonts;
			sourceTree = "<group>";
		};
		525920C22070470500794092 /* ContactUITests */ = {
			isa = PBXGroup;
			children = (
				525920D42070479000794092 /* SnapshotHelper.swift */,
				525920C32070470500794092 /* ContactUITests.swift */,
				525920C52070470500794092 /* Info.plist */,
			);
			path = ContactUITests;
			sourceTree = "<group>";
		};
		52618C441CA0725D003192AF /* Utils */ = {
			isa = PBXGroup;
			children = (
				521706D01BAD779E007BCE73 /* Constants.swift */,
				526880E6206EA9EB005E88D8 /* Extensions.swift */,
				526880E7206EA9EB005E88D8 /* Purchase.swift */,
				5235B8D81AD9582800B3BAE2 /* Utils.swift */,
			);
			path = Utils;
			sourceTree = "<group>";
		};
		52CC531A1AAA4E8A002A51C1 = {
			isa = PBXGroup;
			children = (
				52CC53251AAA4E8A002A51C1 /* Contact */,
				688162C05E42C87235AA5BCC /* Pods */,
				525920C22070470500794092 /* ContactUITests */,
				52CC53241AAA4E8A002A51C1 /* Products */,
				0B159CB0A03CA24D8CB24414 /* Frameworks */,
			);
			sourceTree = "<group>";
		};
		52CC53241AAA4E8A002A51C1 /* Products */ = {
			isa = PBXGroup;
			children = (
				52CC53231AAA4E8A002A51C1 /* Contact.app */,
				525920C12070470400794092 /* ContactUITests.xctest */,
			);
			name = Products;
			sourceTree = "<group>";
		};
		52CC53251AAA4E8A002A51C1 /* Contact */ = {
			isa = PBXGroup;
			children = (
				AD351FF8DD183D24BD500AE9 /* Frameworks */,
				52CC53261AAA4E8A002A51C1 /* Resources */,
				52618C441CA0725D003192AF /* Utils */,
				5264519B1AAF9194002C37A6 /* AddCatchUp.swift */,
				52CC53281AAA4E8A002A51C1 /* AppDelegate.swift */,
				52BB3EF41AE314BA00A12D0C /* CatchUp.swift */,
				526451991AAF644F002C37A6 /* CatchUps.swift */,
				52CC53321AAA4E8A002A51C1 /* Images.xcassets */,
				523DA47B1ADC574B007F7F7D /* Main.storyboard */,
				52CC532D1AAA4E8A002A51C1 /* People.swift */,
				526880EA206EAE4B005E88D8 /* Settings.swift */,
				526880EB206EAE4B005E88D8 /* Themes.swift */,
			);
			path = Contact;
			sourceTree = "<group>";
		};
		52CC53261AAA4E8A002A51C1 /* Resources */ = {
			isa = PBXGroup;
			children = (
				52CC532A1AAA4E8A002A51C1 /* Contact.xcdatamodeld */,
				524E302C211E2AE5009F7055 /* Fonts */,
				52CC53271AAA4E8A002A51C1 /* Info.plist */,
				52CC53341AAA4E8A002A51C1 /* LaunchScreen.xib */,
			);
			path = Resources;
			sourceTree = "<group>";
		};
		688162C05E42C87235AA5BCC /* Pods */ = {
			isa = PBXGroup;
			children = (
				0DCABA9BDF59FBB07E4BF6C7 /* Pods-Contact.debug.xcconfig */,
				7B8A1998062DC460BEB45CEA /* Pods-Contact.release.xcconfig */,
			);
			name = Pods;
			sourceTree = "<group>";
		};
		AD351FF8DD183D24BD500AE9 /* Frameworks */ = {
			isa = PBXGroup;
			children = (
				52DC935C206EE25400C48C6C /* Pods_Contact.framework */,
				526880F5206EBD17005E88D8 /* StoreKit.framework */,
				526880EF206EBC9E005E88D8 /* MessageUI.framework */,
				526880EE206EBC9E005E88D8 /* QuartzCore.framework */,
				68D7FB295DF15BF5C9CA49F2 /* Pods_Contact.framework */,
			);
			name = Frameworks;
			path = ..;
			sourceTree = "<group>";
		};
/* End PBXGroup section */

/* Begin PBXNativeTarget section */
		525920C02070470400794092 /* ContactUITests */ = {
			isa = PBXNativeTarget;
			buildConfigurationList = 525920C82070470500794092 /* Build configuration list for PBXNativeTarget "ContactUITests" */;
			buildPhases = (
				525920BD2070470400794092 /* Sources */,
				525920BE2070470400794092 /* Frameworks */,
				525920BF2070470400794092 /* Resources */,
			);
			buildRules = (
			);
			dependencies = (
				525920C72070470500794092 /* PBXTargetDependency */,
			);
			name = ContactUITests;
			productName = ContactUITests;
			productReference = 525920C12070470400794092 /* ContactUITests.xctest */;
			productType = "com.apple.product-type.bundle.ui-testing";
		};
		52CC53221AAA4E8A002A51C1 /* Contact */ = {
			isa = PBXNativeTarget;
			buildConfigurationList = 52CC53451AAA4E8A002A51C1 /* Build configuration list for PBXNativeTarget "Contact" */;
			buildPhases = (
				8FFB5322774703836E1B3832 /* [CP] Check Pods Manifest.lock */,
				52CC531F1AAA4E8A002A51C1 /* Sources */,
				52CC53201AAA4E8A002A51C1 /* Frameworks */,
				52CC53211AAA4E8A002A51C1 /* Resources */,
				C7BC58C9357ED37CCCAD6302 /* [CP] Embed Pods Frameworks */,
				7120367BDFC20AED29A049A4 /* [CP] Copy Pods Resources */,
			);
			buildRules = (
			);
			dependencies = (
			);
			name = Contact;
			productName = InTouch;
			productReference = 52CC53231AAA4E8A002A51C1 /* Contact.app */;
			productType = "com.apple.product-type.application";
		};
/* End PBXNativeTarget section */

/* Begin PBXProject section */
		52CC531B1AAA4E8A002A51C1 /* Project object */ = {
			isa = PBXProject;
			attributes = {
				LastSwiftUpdateCheck = 0930;
				LastUpgradeCheck = 0700;
				ORGANIZATIONNAME = "Joey Tawadrous";
				TargetAttributes = {
					525920C02070470400794092 = {
						CreatedOnToolsVersion = 9.3;
						DevelopmentTeam = P5Z7RL76WF;
						ProvisioningStyle = Automatic;
						TestTargetID = 52CC53221AAA4E8A002A51C1;
					};
					52CC53221AAA4E8A002A51C1 = {
						CreatedOnToolsVersion = 6.2;
						DevelopmentTeam = P5Z7RL76WF;
						LastSwiftMigration = 0820;
						SystemCapabilities = {
							com.apple.InAppPurchase = {
								enabled = 1;
							};
						};
					};
				};
			};
			buildConfigurationList = 52CC531E1AAA4E8A002A51C1 /* Build configuration list for PBXProject "Contact" */;
			compatibilityVersion = "Xcode 3.2";
			developmentRegion = English;
			hasScannedForEncodings = 0;
			knownRegions = (
				en,
				Base,
			);
			mainGroup = 52CC531A1AAA4E8A002A51C1;
			productRefGroup = 52CC53241AAA4E8A002A51C1 /* Products */;
			projectDirPath = "";
			projectRoot = "";
			targets = (
				52CC53221AAA4E8A002A51C1 /* Contact */,
				525920C02070470400794092 /* ContactUITests */,
			);
		};
/* End PBXProject section */

/* Begin PBXResourcesBuildPhase section */
		525920BF2070470400794092 /* Resources */ = {
			isa = PBXResourcesBuildPhase;
			buildActionMask = 2147483647;
			files = (
			);
			runOnlyForDeploymentPostprocessing = 0;
		};
		52CC53211AAA4E8A002A51C1 /* Resources */ = {
			isa = PBXResourcesBuildPhase;
			buildActionMask = 2147483647;
			files = (
				523DA47D1ADC574B007F7F7D /* Main.storyboard in Resources */,
				524E3028211E2AE1009F7055 /* GothamProMedium.ttf in Resources */,
				524E302B211E2AE1009F7055 /* GothamProBold.ttf in Resources */,
				524E3029211E2AE1009F7055 /* GothamProBlack.ttf in Resources */,
				52CC53361AAA4E8A002A51C1 /* LaunchScreen.xib in Resources */,
				52CC53331AAA4E8A002A51C1 /* Images.xcassets in Resources */,
				524E302A211E2AE1009F7055 /* GothamProRegular.ttf in Resources */,
			);
			runOnlyForDeploymentPostprocessing = 0;
		};
/* End PBXResourcesBuildPhase section */

/* Begin PBXShellScriptBuildPhase section */
		7120367BDFC20AED29A049A4 /* [CP] Copy Pods Resources */ = {
			isa = PBXShellScriptBuildPhase;
			buildActionMask = 2147483647;
			files = (
			);
			inputPaths = (
			);
			name = "[CP] Copy Pods Resources";
			outputPaths = (
			);
			runOnlyForDeploymentPostprocessing = 0;
			shellPath = /bin/sh;
			shellScript = "\"${SRCROOT}/Pods/Target Support Files/Pods-Contact/Pods-Contact-resources.sh\"\n";
			showEnvVarsInLog = 0;
		};
		8FFB5322774703836E1B3832 /* [CP] Check Pods Manifest.lock */ = {
			isa = PBXShellScriptBuildPhase;
			buildActionMask = 2147483647;
			files = (
			);
			inputPaths = (
				"${PODS_PODFILE_DIR_PATH}/Podfile.lock",
				"${PODS_ROOT}/Manifest.lock",
			);
			name = "[CP] Check Pods Manifest.lock";
			outputPaths = (
				"$(DERIVED_FILE_DIR)/Pods-Contact-checkManifestLockResult.txt",
			);
			runOnlyForDeploymentPostprocessing = 0;
			shellPath = /bin/sh;
			shellScript = "diff \"${PODS_PODFILE_DIR_PATH}/Podfile.lock\" \"${PODS_ROOT}/Manifest.lock\" > /dev/null\nif [ $? != 0 ] ; then\n    # print error to STDERR\n    echo \"error: The sandbox is not in sync with the Podfile.lock. Run 'pod install' or update your CocoaPods installation.\" >&2\n    exit 1\nfi\n# This output is used by Xcode 'outputs' to avoid re-running this script phase.\necho \"SUCCESS\" > \"${SCRIPT_OUTPUT_FILE_0}\"\n";
			showEnvVarsInLog = 0;
		};
		C7BC58C9357ED37CCCAD6302 /* [CP] Embed Pods Frameworks */ = {
			isa = PBXShellScriptBuildPhase;
			buildActionMask = 2147483647;
			files = (
			);
			inputPaths = (
				"${SRCROOT}/Pods/Target Support Files/Pods-Contact/Pods-Contact-frameworks.sh",
				"${BUILT_PRODUCTS_DIR}/FontAwesome.swift/FontAwesome_swift.framework",
				"${BUILT_PRODUCTS_DIR}/SCLAlertView/SCLAlertView.framework",
				"${BUILT_PRODUCTS_DIR}/SwiftForms/SwiftForms.framework",
				"${BUILT_PRODUCTS_DIR}/SwiftyStoreKit/SwiftyStoreKit.framework",
			);
			name = "[CP] Embed Pods Frameworks";
			outputPaths = (
				"${TARGET_BUILD_DIR}/${FRAMEWORKS_FOLDER_PATH}/FontAwesome_swift.framework",
				"${TARGET_BUILD_DIR}/${FRAMEWORKS_FOLDER_PATH}/SCLAlertView.framework",
				"${TARGET_BUILD_DIR}/${FRAMEWORKS_FOLDER_PATH}/SwiftForms.framework",
				"${TARGET_BUILD_DIR}/${FRAMEWORKS_FOLDER_PATH}/SwiftyStoreKit.framework",
			);
			runOnlyForDeploymentPostprocessing = 0;
			shellPath = /bin/sh;
			shellScript = "\"${SRCROOT}/Pods/Target Support Files/Pods-Contact/Pods-Contact-frameworks.sh\"\n";
			showEnvVarsInLog = 0;
		};
/* End PBXShellScriptBuildPhase section */

/* Begin PBXSourcesBuildPhase section */
		525920BD2070470400794092 /* Sources */ = {
			isa = PBXSourcesBuildPhase;
			buildActionMask = 2147483647;
			files = (
				525920C42070470500794092 /* ContactUITests.swift in Sources */,
				525920D62070479000794092 /* SnapshotHelper.swift in Sources */,
			);
			runOnlyForDeploymentPostprocessing = 0;
		};
		52CC531F1AAA4E8A002A51C1 /* Sources */ = {
			isa = PBXSourcesBuildPhase;
			buildActionMask = 2147483647;
			files = (
				526880EC206EAE4C005E88D8 /* Settings.swift in Sources */,
				526880E9206EA9EB005E88D8 /* Purchase.swift in Sources */,
				5264519C1AAF9194002C37A6 /* AddCatchUp.swift in Sources */,
				5235B8D91AD9582800B3BAE2 /* Utils.swift in Sources */,
				5264519A1AAF644F002C37A6 /* CatchUps.swift in Sources */,
				52CC532E1AAA4E8A002A51C1 /* People.swift in Sources */,
				52CC532C1AAA4E8A002A51C1 /* Contact.xcdatamodeld in Sources */,
				526880ED206EAE4C005E88D8 /* Themes.swift in Sources */,
				52BB3EF51AE314BA00A12D0C /* CatchUp.swift in Sources */,
				52CC53291AAA4E8A002A51C1 /* AppDelegate.swift in Sources */,
				521706D11BAD779E007BCE73 /* Constants.swift in Sources */,
				526880E8206EA9EB005E88D8 /* Extensions.swift in Sources */,
			);
			runOnlyForDeploymentPostprocessing = 0;
		};
/* End PBXSourcesBuildPhase section */

/* Begin PBXTargetDependency section */
		525920C72070470500794092 /* PBXTargetDependency */ = {
			isa = PBXTargetDependency;
			target = 52CC53221AAA4E8A002A51C1 /* Contact */;
			targetProxy = 525920C62070470500794092 /* PBXContainerItemProxy */;
		};
/* End PBXTargetDependency section */

/* Begin PBXVariantGroup section */
		523DA47B1ADC574B007F7F7D /* Main.storyboard */ = {
			isa = PBXVariantGroup;
			children = (
				523DA47C1ADC574B007F7F7D /* Base */,
			);
			name = Main.storyboard;
			path = .;
			sourceTree = "<group>";
		};
		52CC53341AAA4E8A002A51C1 /* LaunchScreen.xib */ = {
			isa = PBXVariantGroup;
			children = (
				52CC53351AAA4E8A002A51C1 /* Base */,
			);
			name = LaunchScreen.xib;
			path = .;
			sourceTree = "<group>";
		};
/* End PBXVariantGroup section */

/* Begin XCBuildConfiguration section */
		525920C92070470500794092 /* Debug */ = {
			isa = XCBuildConfiguration;
			buildSettings = {
				CLANG_ANALYZER_NONNULL = YES;
				CLANG_ANALYZER_NUMBER_OBJECT_CONVERSION = YES_AGGRESSIVE;
				CLANG_CXX_LANGUAGE_STANDARD = "gnu++14";
				CLANG_ENABLE_OBJC_WEAK = YES;
				CLANG_WARN_BLOCK_CAPTURE_AUTORELEASING = YES;
				CLANG_WARN_COMMA = YES;
				CLANG_WARN_DEPRECATED_OBJC_IMPLEMENTATIONS = YES;
				CLANG_WARN_DOCUMENTATION_COMMENTS = YES;
				CLANG_WARN_INFINITE_RECURSION = YES;
				CLANG_WARN_NON_LITERAL_NULL_CONVERSION = YES;
				CLANG_WARN_OBJC_IMPLICIT_RETAIN_SELF = YES;
				CLANG_WARN_OBJC_LITERAL_CONVERSION = YES;
				CLANG_WARN_RANGE_LOOP_ANALYSIS = YES;
				CLANG_WARN_STRICT_PROTOTYPES = YES;
				CLANG_WARN_SUSPICIOUS_MOVE = YES;
				CLANG_WARN_UNGUARDED_AVAILABILITY = YES_AGGRESSIVE;
				CODE_SIGN_IDENTITY = "iPhone Developer";
				CODE_SIGN_STYLE = Automatic;
				DEBUG_INFORMATION_FORMAT = dwarf;
				DEVELOPMENT_TEAM = P5Z7RL76WF;
				GCC_C_LANGUAGE_STANDARD = gnu11;
				GCC_NO_COMMON_BLOCKS = YES;
				INFOPLIST_FILE = ContactUITests/Info.plist;
				IPHONEOS_DEPLOYMENT_TARGET = 11.3;
				LD_RUNPATH_SEARCH_PATHS = "$(inherited) @executable_path/Frameworks @loader_path/Frameworks";
				PRODUCT_BUNDLE_IDENTIFIER = com.joeyt.ContactUITests;
				PRODUCT_NAME = "$(TARGET_NAME)";
				SWIFT_ACTIVE_COMPILATION_CONDITIONS = DEBUG;
				SWIFT_OPTIMIZATION_LEVEL = "-Onone";
				SWIFT_VERSION = 4.0;
				TARGETED_DEVICE_FAMILY = "1,2";
				TEST_TARGET_NAME = Contact;
			};
			name = Debug;
		};
		525920CA2070470500794092 /* Release */ = {
			isa = XCBuildConfiguration;
			buildSettings = {
				CLANG_ANALYZER_NONNULL = YES;
				CLANG_ANALYZER_NUMBER_OBJECT_CONVERSION = YES_AGGRESSIVE;
				CLANG_CXX_LANGUAGE_STANDARD = "gnu++14";
				CLANG_ENABLE_OBJC_WEAK = YES;
				CLANG_WARN_BLOCK_CAPTURE_AUTORELEASING = YES;
				CLANG_WARN_COMMA = YES;
				CLANG_WARN_DEPRECATED_OBJC_IMPLEMENTATIONS = YES;
				CLANG_WARN_DOCUMENTATION_COMMENTS = YES;
				CLANG_WARN_INFINITE_RECURSION = YES;
				CLANG_WARN_NON_LITERAL_NULL_CONVERSION = YES;
				CLANG_WARN_OBJC_IMPLICIT_RETAIN_SELF = YES;
				CLANG_WARN_OBJC_LITERAL_CONVERSION = YES;
				CLANG_WARN_RANGE_LOOP_ANALYSIS = YES;
				CLANG_WARN_STRICT_PROTOTYPES = YES;
				CLANG_WARN_SUSPICIOUS_MOVE = YES;
				CLANG_WARN_UNGUARDED_AVAILABILITY = YES_AGGRESSIVE;
				CODE_SIGN_IDENTITY = "iPhone Developer";
				CODE_SIGN_STYLE = Automatic;
				COPY_PHASE_STRIP = NO;
				DEBUG_INFORMATION_FORMAT = "dwarf-with-dsym";
				DEVELOPMENT_TEAM = P5Z7RL76WF;
				GCC_C_LANGUAGE_STANDARD = gnu11;
				GCC_NO_COMMON_BLOCKS = YES;
				INFOPLIST_FILE = ContactUITests/Info.plist;
				IPHONEOS_DEPLOYMENT_TARGET = 11.3;
				LD_RUNPATH_SEARCH_PATHS = "$(inherited) @executable_path/Frameworks @loader_path/Frameworks";
				PRODUCT_BUNDLE_IDENTIFIER = com.joeyt.ContactUITests;
				PRODUCT_NAME = "$(TARGET_NAME)";
				SWIFT_OPTIMIZATION_LEVEL = "-Owholemodule";
				SWIFT_VERSION = 4.0;
				TARGETED_DEVICE_FAMILY = "1,2";
				TEST_TARGET_NAME = Contact;
			};
			name = Release;
		};
		52CC53431AAA4E8A002A51C1 /* Debug */ = {
			isa = XCBuildConfiguration;
			buildSettings = {
				ALWAYS_SEARCH_USER_PATHS = NO;
				CLANG_CXX_LANGUAGE_STANDARD = "gnu++0x";
				CLANG_CXX_LIBRARY = "libc++";
				CLANG_ENABLE_MODULES = YES;
				CLANG_ENABLE_OBJC_ARC = YES;
				CLANG_WARN_BOOL_CONVERSION = YES;
				CLANG_WARN_CONSTANT_CONVERSION = YES;
				CLANG_WARN_DIRECT_OBJC_ISA_USAGE = YES_ERROR;
				CLANG_WARN_EMPTY_BODY = YES;
				CLANG_WARN_ENUM_CONVERSION = YES;
				CLANG_WARN_INT_CONVERSION = YES;
				CLANG_WARN_OBJC_ROOT_CLASS = YES_ERROR;
				CLANG_WARN_UNREACHABLE_CODE = YES;
				CLANG_WARN__DUPLICATE_METHOD_MATCH = YES;
				"CODE_SIGN_IDENTITY[sdk=iphoneos*]" = "iPhone Developer";
				COPY_PHASE_STRIP = NO;
				ENABLE_STRICT_OBJC_MSGSEND = YES;
				ENABLE_TESTABILITY = YES;
				GCC_C_LANGUAGE_STANDARD = gnu99;
				GCC_DYNAMIC_NO_PIC = NO;
				GCC_OPTIMIZATION_LEVEL = 0;
				GCC_PREPROCESSOR_DEFINITIONS = (
					"DEBUG=1",
					"$(inherited)",
				);
				GCC_SYMBOLS_PRIVATE_EXTERN = NO;
				GCC_WARN_64_TO_32_BIT_CONVERSION = YES;
				GCC_WARN_ABOUT_RETURN_TYPE = YES_ERROR;
				GCC_WARN_UNDECLARED_SELECTOR = YES;
				GCC_WARN_UNINITIALIZED_AUTOS = YES_AGGRESSIVE;
				GCC_WARN_UNUSED_FUNCTION = YES;
				GCC_WARN_UNUSED_VARIABLE = YES;
				IPHONEOS_DEPLOYMENT_TARGET = 7.0;
				MTL_ENABLE_DEBUG_INFO = YES;
				ONLY_ACTIVE_ARCH = YES;
				OTHER_SWIFT_FLAGS = "-DDEBUG";
				PRODUCT_NAME = Contact;
				SDKROOT = iphoneos;
				SWIFT_OPTIMIZATION_LEVEL = "-O";
				USER_HEADER_SEARCH_PATHS = "Pods/**";
			};
			name = Debug;
		};
		52CC53441AAA4E8A002A51C1 /* Release */ = {
			isa = XCBuildConfiguration;
			buildSettings = {
				ALWAYS_SEARCH_USER_PATHS = NO;
				CLANG_CXX_LANGUAGE_STANDARD = "gnu++0x";
				CLANG_CXX_LIBRARY = "libc++";
				CLANG_ENABLE_MODULES = YES;
				CLANG_ENABLE_OBJC_ARC = YES;
				CLANG_WARN_BOOL_CONVERSION = YES;
				CLANG_WARN_CONSTANT_CONVERSION = YES;
				CLANG_WARN_DIRECT_OBJC_ISA_USAGE = YES_ERROR;
				CLANG_WARN_EMPTY_BODY = YES;
				CLANG_WARN_ENUM_CONVERSION = YES;
				CLANG_WARN_INT_CONVERSION = YES;
				CLANG_WARN_OBJC_ROOT_CLASS = YES_ERROR;
				CLANG_WARN_UNREACHABLE_CODE = YES;
				CLANG_WARN__DUPLICATE_METHOD_MATCH = YES;
				"CODE_SIGN_IDENTITY[sdk=iphoneos*]" = "iPhone Developer";
				COPY_PHASE_STRIP = YES;
				ENABLE_NS_ASSERTIONS = NO;
				ENABLE_STRICT_OBJC_MSGSEND = YES;
				GCC_C_LANGUAGE_STANDARD = gnu99;
				GCC_WARN_64_TO_32_BIT_CONVERSION = YES;
				GCC_WARN_ABOUT_RETURN_TYPE = YES_ERROR;
				GCC_WARN_UNDECLARED_SELECTOR = YES;
				GCC_WARN_UNINITIALIZED_AUTOS = YES_AGGRESSIVE;
				GCC_WARN_UNUSED_FUNCTION = YES;
				GCC_WARN_UNUSED_VARIABLE = YES;
				IPHONEOS_DEPLOYMENT_TARGET = 7.0;
				MTL_ENABLE_DEBUG_INFO = NO;
				OTHER_SWIFT_FLAGS = "-DRELEASE";
				PRODUCT_NAME = Contact;
				SDKROOT = iphoneos;
				USER_HEADER_SEARCH_PATHS = "Pods/**";
				VALIDATE_PRODUCT = YES;
			};
			name = Release;
		};
		52CC53461AAA4E8A002A51C1 /* Debug */ = {
			isa = XCBuildConfiguration;
			baseConfigurationReference = 0DCABA9BDF59FBB07E4BF6C7 /* Pods-Contact.debug.xcconfig */;
			buildSettings = {
				ASSETCATALOG_COMPILER_APPICON_NAME = AppIcon;
				ASSETCATALOG_WARNINGS = NO;
				CLANG_ENABLE_MODULES = YES;
				CLANG_WARN_BOOL_CONVERSION = NO;
				CLANG_WARN_CONSTANT_CONVERSION = NO;
				CLANG_WARN_EMPTY_BODY = NO;
				CLANG_WARN_ENUM_CONVERSION = NO;
				CLANG_WARN_INT_CONVERSION = NO;
				CLANG_WARN_UNREACHABLE_CODE = NO;
				CODE_SIGN_IDENTITY = "iPhone Developer";
				"CODE_SIGN_IDENTITY[sdk=iphoneos*]" = "iPhone Developer";
				GCC_ENABLE_BUILTIN_FUNCTIONS = NO;
				GCC_WARN_64_TO_32_BIT_CONVERSION = NO;
				GCC_WARN_ABOUT_DEPRECATED_FUNCTIONS = NO;
				GCC_WARN_ABOUT_INVALID_OFFSETOF_MACRO = NO;
				GCC_WARN_ABOUT_POINTER_SIGNEDNESS = NO;
				GCC_WARN_ABOUT_RETURN_TYPE = NO;
				GCC_WARN_ALLOW_INCOMPLETE_PROTOCOL = NO;
				GCC_WARN_CHECK_SWITCH_STATEMENTS = NO;
				GCC_WARN_MISSING_PARENTHESES = NO;
				GCC_WARN_TYPECHECK_CALLS_TO_PRINTF = NO;
				GCC_WARN_UNINITIALIZED_AUTOS = NO;
				GCC_WARN_UNUSED_FUNCTION = NO;
				GCC_WARN_UNUSED_VALUE = NO;
				GCC_WARN_UNUSED_VARIABLE = NO;
				IBC_WARNINGS = NO;
				IBSC_WARNINGS = NO;
				INFOPLIST_FILE = Contact/Resources/Info.plist;
				IPHONEOS_DEPLOYMENT_TARGET = 9.0;
				LD_RUNPATH_SEARCH_PATHS = "$(inherited) @executable_path/Frameworks";
				OTHER_SWIFT_FLAGS = "$(inherited) \"-D\" \"COCOAPODS\"";
				PRODUCT_BUNDLE_IDENTIFIER = com.joeyt.contact;
				PRODUCT_NAME = Contact;
				PROVISIONING_PROFILE = "";
				SWIFT_INSTALL_OBJC_HEADER = YES;
				SWIFT_OBJC_BRIDGING_HEADER = "";
				SWIFT_OPTIMIZATION_LEVEL = "-Onone";
				SWIFT_PRECOMPILE_BRIDGING_HEADER = YES;
				SWIFT_VERSION = 4.0;
				TARGETED_DEVICE_FAMILY = 1;
				USER_HEADER_SEARCH_PATHS = "Pods/**";
			};
			name = Debug;
		};
		52CC53471AAA4E8A002A51C1 /* Release */ = {
			isa = XCBuildConfiguration;
			baseConfigurationReference = 7B8A1998062DC460BEB45CEA /* Pods-Contact.release.xcconfig */;
			buildSettings = {
				ASSETCATALOG_COMPILER_APPICON_NAME = AppIcon;
				ASSETCATALOG_WARNINGS = NO;
				CLANG_ENABLE_MODULES = YES;
				CLANG_WARN_BOOL_CONVERSION = NO;
				CLANG_WARN_CONSTANT_CONVERSION = NO;
				CLANG_WARN_EMPTY_BODY = NO;
				CLANG_WARN_ENUM_CONVERSION = NO;
				CLANG_WARN_INT_CONVERSION = NO;
				CLANG_WARN_UNREACHABLE_CODE = NO;
				CODE_SIGN_IDENTITY = "iPhone Developer";
				"CODE_SIGN_IDENTITY[sdk=iphoneos*]" = "iPhone Developer";
				GCC_ENABLE_BUILTIN_FUNCTIONS = NO;
				GCC_WARN_64_TO_32_BIT_CONVERSION = NO;
				GCC_WARN_ABOUT_DEPRECATED_FUNCTIONS = NO;
				GCC_WARN_ABOUT_INVALID_OFFSETOF_MACRO = NO;
				GCC_WARN_ABOUT_POINTER_SIGNEDNESS = NO;
				GCC_WARN_ABOUT_RETURN_TYPE = NO;
				GCC_WARN_ALLOW_INCOMPLETE_PROTOCOL = NO;
				GCC_WARN_CHECK_SWITCH_STATEMENTS = NO;
				GCC_WARN_MISSING_PARENTHESES = NO;
				GCC_WARN_TYPECHECK_CALLS_TO_PRINTF = NO;
				GCC_WARN_UNINITIALIZED_AUTOS = NO;
				GCC_WARN_UNUSED_FUNCTION = NO;
				GCC_WARN_UNUSED_VALUE = NO;
				GCC_WARN_UNUSED_VARIABLE = NO;
				IBC_WARNINGS = NO;
				IBSC_WARNINGS = NO;
				INFOPLIST_FILE = Contact/Resources/Info.plist;
				IPHONEOS_DEPLOYMENT_TARGET = 9.0;
				LD_RUNPATH_SEARCH_PATHS = "$(inherited) @executable_path/Frameworks";
				OTHER_SWIFT_FLAGS = "$(inherited) \"-D\" \"COCOAPODS\"";
				PRODUCT_BUNDLE_IDENTIFIER = com.joeyt.contact;
				PRODUCT_NAME = Contact;
				PROVISIONING_PROFILE = "";
				SWIFT_INSTALL_OBJC_HEADER = YES;
				SWIFT_OBJC_BRIDGING_HEADER = "";
				SWIFT_PRECOMPILE_BRIDGING_HEADER = YES;
				SWIFT_VERSION = 4.0;
				TARGETED_DEVICE_FAMILY = 1;
				USER_HEADER_SEARCH_PATHS = "Pods/**";
			};
			name = Release;
		};
/* End XCBuildConfiguration section */

/* Begin XCConfigurationList section */
		525920C82070470500794092 /* Build configuration list for PBXNativeTarget "ContactUITests" */ = {
			isa = XCConfigurationList;
			buildConfigurations = (
				525920C92070470500794092 /* Debug */,
				525920CA2070470500794092 /* Release */,
			);
			defaultConfigurationIsVisible = 0;
			defaultConfigurationName = Release;
		};
		52CC531E1AAA4E8A002A51C1 /* Build configuration list for PBXProject "Contact" */ = {
			isa = XCConfigurationList;
			buildConfigurations = (
				52CC53431AAA4E8A002A51C1 /* Debug */,
				52CC53441AAA4E8A002A51C1 /* Release */,
			);
			defaultConfigurationIsVisible = 0;
			defaultConfigurationName = Release;
		};
		52CC53451AAA4E8A002A51C1 /* Build configuration list for PBXNativeTarget "Contact" */ = {
			isa = XCConfigurationList;
			buildConfigurations = (
				52CC53461AAA4E8A002A51C1 /* Debug */,
				52CC53471AAA4E8A002A51C1 /* Release */,
			);
			defaultConfigurationIsVisible = 0;
			defaultConfigurationName = Release;
		};
/* End XCConfigurationList section */

/* Begin XCVersionGroup section */
		52CC532A1AAA4E8A002A51C1 /* Contact.xcdatamodeld */ = {
			isa = XCVersionGroup;
			children = (
				52CC532B1AAA4E8A002A51C1 /* InTouch.xcdatamodel */,
			);
			currentVersion = 52CC532B1AAA4E8A002A51C1 /* InTouch.xcdatamodel */;
			path = Contact.xcdatamodeld;
			sourceTree = "<group>";
			versionGroupType = wrapper.xcdatamodel;
		};
/* End XCVersionGroup section */
	};
	rootObject = 52CC531B1AAA4E8A002A51C1 /* Project object */;
}
